// !$*UTF8*$!
{
	archiveVersion = 1;
	classes = {
	};
	objectVersion = 55;
	objects = {

/* Begin PBXBuildFile section */
		0114B50A290291EC00AA916E /* Scene2_Testing.swift in Sources */ = {isa = PBXBuildFile; fileRef = 0114B509290291EC00AA916E /* Scene2_Testing.swift */; };
		013EAE81290BB9D1008572A7 /* Prologue_Scene1_Kelas_Selesai.swift in Sources */ = {isa = PBXBuildFile; fileRef = 013EAE80290BB9D1008572A7 /* Prologue_Scene1_Kelas_Selesai.swift */; };
		013EAE83290BB9E4008572A7 /* Prologue_Collection.swift in Sources */ = {isa = PBXBuildFile; fileRef = 013EAE82290BB9E4008572A7 /* Prologue_Collection.swift */; };
		013EAE85290FBE06008572A7 /* Prologue_Scene2_Transisi_Hari.swift in Sources */ = {isa = PBXBuildFile; fileRef = 013EAE84290FBE06008572A7 /* Prologue_Scene2_Transisi_Hari.swift */; };
		01776CB12907E3430010B9A6 /* SceneMultiple.swift in Sources */ = {isa = PBXBuildFile; fileRef = 01776CB02907E3430010B9A6 /* SceneMultiple.swift */; };
		01A3384B29013F1B00092EEC /* Scene_Testing.swift in Sources */ = {isa = PBXBuildFile; fileRef = 01A3384A29013F1B00092EEC /* Scene_Testing.swift */; };
		01A3384D290142E400092EEC /* SwiftUIView.swift in Sources */ = {isa = PBXBuildFile; fileRef = 01A3384C290142E400092EEC /* SwiftUIView.swift */; };
		01A59F402913A2B5001CBB83 /* Prologue_Dinner.swift in Sources */ = {isa = PBXBuildFile; fileRef = 01A59F3F2913A2B5001CBB83 /* Prologue_Dinner.swift */; };
		01A59F422914E1DA001CBB83 /* Prologue_Room.swift in Sources */ = {isa = PBXBuildFile; fileRef = 01A59F412914E1DA001CBB83 /* Prologue_Room.swift */; };
		01E41ADD291A319F008A04AC /* Chapter1_Collection.swift in Sources */ = {isa = PBXBuildFile; fileRef = 01E41ADC291A319F008A04AC /* Chapter1_Collection.swift */; };
		01E41ADF291A321F008A04AC /* Chapter1_Kelas.swift in Sources */ = {isa = PBXBuildFile; fileRef = 01E41ADE291A321F008A04AC /* Chapter1_Kelas.swift */; };
		01E41AE1291A5861008A04AC /* Chapter1_Dinner.swift in Sources */ = {isa = PBXBuildFile; fileRef = 01E41AE0291A5861008A04AC /* Chapter1_Dinner.swift */; };
		01E41AE3291A58A2008A04AC /* Chapter1_Clock.swift in Sources */ = {isa = PBXBuildFile; fileRef = 01E41AE2291A58A2008A04AC /* Chapter1_Clock.swift */; };
		01F1903229091C4300426F03 /* SceneTabView.swift in Sources */ = {isa = PBXBuildFile; fileRef = 01F1903129091C4300426F03 /* SceneTabView.swift */; };
		702514B429012EC7002E4988 /* Game2View.swift in Sources */ = {isa = PBXBuildFile; fileRef = 702514B329012EC7002E4988 /* Game2View.swift */; };
		702514BA29014A74002E4988 /* Game4Model.swift in Sources */ = {isa = PBXBuildFile; fileRef = 702514B929014A74002E4988 /* Game4Model.swift */; };
		702514BC29014E22002E4988 /* Game4ViewModel.swift in Sources */ = {isa = PBXBuildFile; fileRef = 702514BB29014E22002E4988 /* Game4ViewModel.swift */; };
		70F97461290D70D000ED63F8 /* Game4_1View.swift in Sources */ = {isa = PBXBuildFile; fileRef = 70F97460290D70D000ED63F8 /* Game4_1View.swift */; };
		70F97465290FD48700ED63F8 /* Game4_2View.swift in Sources */ = {isa = PBXBuildFile; fileRef = 70F97464290FD48700ED63F8 /* Game4_2View.swift */; };
		70F974672910DFD100ED63F8 /* Game5View.swift in Sources */ = {isa = PBXBuildFile; fileRef = 70F974662910DFD100ED63F8 /* Game5View.swift */; };
		B32BB5B029012E4900B812CF /* RaychelQiuApp.swift in Sources */ = {isa = PBXBuildFile; fileRef = B32BB5AF29012E4900B812CF /* RaychelQiuApp.swift */; };
		B32BB5B229012E4900B812CF /* ContentView.swift in Sources */ = {isa = PBXBuildFile; fileRef = B32BB5B129012E4900B812CF /* ContentView.swift */; };
		B32BB5B429012E4A00B812CF /* Assets.xcassets in Resources */ = {isa = PBXBuildFile; fileRef = B32BB5B329012E4A00B812CF /* Assets.xcassets */; };
		B32BB5B729012E4A00B812CF /* Preview Assets.xcassets in Resources */ = {isa = PBXBuildFile; fileRef = B32BB5B629012E4A00B812CF /* Preview Assets.xcassets */; };
		B32BB5B929012E4A00B812CF /* Persistence.swift in Sources */ = {isa = PBXBuildFile; fileRef = B32BB5B829012E4A00B812CF /* Persistence.swift */; };
		B32BB5BC29012E4A00B812CF /* RaychelQiu.xcdatamodeld in Sources */ = {isa = PBXBuildFile; fileRef = B32BB5BA29012E4A00B812CF /* RaychelQiu.xcdatamodeld */; };
		B32BB5C629012E4A00B812CF /* RaychelQiuTests.swift in Sources */ = {isa = PBXBuildFile; fileRef = B32BB5C529012E4A00B812CF /* RaychelQiuTests.swift */; };
		B32BB5D029012E4A00B812CF /* RaychelQiuUITests.swift in Sources */ = {isa = PBXBuildFile; fileRef = B32BB5CF29012E4A00B812CF /* RaychelQiuUITests.swift */; };
		B32BB5D229012E4A00B812CF /* RaychelQiuUITestsLaunchTests.swift in Sources */ = {isa = PBXBuildFile; fileRef = B32BB5D129012E4A00B812CF /* RaychelQiuUITestsLaunchTests.swift */; };
		B3DBB8592910FF4100A29E45 /* Game1_CaptchaPuzzle.swift in Sources */ = {isa = PBXBuildFile; fileRef = B3DBB8582910FF4100A29E45 /* Game1_CaptchaPuzzle.swift */; };
		B3DBB85C2911002800A29E45 /* Minigame1_BackpackSchool.swift in Sources */ = {isa = PBXBuildFile; fileRef = B3DBB85B2911002800A29E45 /* Minigame1_BackpackSchool.swift */; };
/* End PBXBuildFile section */

/* Begin PBXContainerItemProxy section */
		B32BB5C229012E4A00B812CF /* PBXContainerItemProxy */ = {
			isa = PBXContainerItemProxy;
			containerPortal = B32BB5A429012E4900B812CF /* Project object */;
			proxyType = 1;
			remoteGlobalIDString = B32BB5AB29012E4900B812CF;
			remoteInfo = RaychelQiu;
		};
		B32BB5CC29012E4A00B812CF /* PBXContainerItemProxy */ = {
			isa = PBXContainerItemProxy;
			containerPortal = B32BB5A429012E4900B812CF /* Project object */;
			proxyType = 1;
			remoteGlobalIDString = B32BB5AB29012E4900B812CF;
			remoteInfo = RaychelQiu;
		};
/* End PBXContainerItemProxy section */

/* Begin PBXFileReference section */
		0114B509290291EC00AA916E /* Scene2_Testing.swift */ = {isa = PBXFileReference; lastKnownFileType = sourcecode.swift; path = Scene2_Testing.swift; sourceTree = "<group>"; };
		013EAE80290BB9D1008572A7 /* Prologue_Scene1_Kelas_Selesai.swift */ = {isa = PBXFileReference; lastKnownFileType = sourcecode.swift; path = Prologue_Scene1_Kelas_Selesai.swift; sourceTree = "<group>"; };
		013EAE82290BB9E4008572A7 /* Prologue_Collection.swift */ = {isa = PBXFileReference; lastKnownFileType = sourcecode.swift; path = Prologue_Collection.swift; sourceTree = "<group>"; };
		013EAE84290FBE06008572A7 /* Prologue_Scene2_Transisi_Hari.swift */ = {isa = PBXFileReference; lastKnownFileType = sourcecode.swift; path = Prologue_Scene2_Transisi_Hari.swift; sourceTree = "<group>"; };
		01776CB02907E3430010B9A6 /* SceneMultiple.swift */ = {isa = PBXFileReference; lastKnownFileType = sourcecode.swift; path = SceneMultiple.swift; sourceTree = "<group>"; };
		01A3384A29013F1B00092EEC /* Scene_Testing.swift */ = {isa = PBXFileReference; lastKnownFileType = sourcecode.swift; path = Scene_Testing.swift; sourceTree = "<group>"; };
		01A3384C290142E400092EEC /* SwiftUIView.swift */ = {isa = PBXFileReference; lastKnownFileType = sourcecode.swift; path = SwiftUIView.swift; sourceTree = "<group>"; };
		01A59F3F2913A2B5001CBB83 /* Prologue_Dinner.swift */ = {isa = PBXFileReference; lastKnownFileType = sourcecode.swift; path = Prologue_Dinner.swift; sourceTree = "<group>"; };
		01A59F412914E1DA001CBB83 /* Prologue_Room.swift */ = {isa = PBXFileReference; lastKnownFileType = sourcecode.swift; path = Prologue_Room.swift; sourceTree = "<group>"; };
		01E41ADC291A319F008A04AC /* Chapter1_Collection.swift */ = {isa = PBXFileReference; lastKnownFileType = sourcecode.swift; path = Chapter1_Collection.swift; sourceTree = "<group>"; };
		01E41ADE291A321F008A04AC /* Chapter1_Kelas.swift */ = {isa = PBXFileReference; lastKnownFileType = sourcecode.swift; path = Chapter1_Kelas.swift; sourceTree = "<group>"; };
		01E41AE0291A5861008A04AC /* Chapter1_Dinner.swift */ = {isa = PBXFileReference; lastKnownFileType = sourcecode.swift; path = Chapter1_Dinner.swift; sourceTree = "<group>"; };
		01E41AE2291A58A2008A04AC /* Chapter1_Clock.swift */ = {isa = PBXFileReference; lastKnownFileType = sourcecode.swift; path = Chapter1_Clock.swift; sourceTree = "<group>"; };
		01F1903129091C4300426F03 /* SceneTabView.swift */ = {isa = PBXFileReference; lastKnownFileType = sourcecode.swift; path = SceneTabView.swift; sourceTree = "<group>"; };
		702514B329012EC7002E4988 /* Game2View.swift */ = {isa = PBXFileReference; lastKnownFileType = sourcecode.swift; path = Game2View.swift; sourceTree = "<group>"; };
		702514B929014A74002E4988 /* Game4Model.swift */ = {isa = PBXFileReference; lastKnownFileType = sourcecode.swift; path = Game4Model.swift; sourceTree = "<group>"; };
		702514BB29014E22002E4988 /* Game4ViewModel.swift */ = {isa = PBXFileReference; lastKnownFileType = sourcecode.swift; path = Game4ViewModel.swift; sourceTree = "<group>"; };
		70F97460290D70D000ED63F8 /* Game4_1View.swift */ = {isa = PBXFileReference; lastKnownFileType = sourcecode.swift; path = Game4_1View.swift; sourceTree = "<group>"; };
		70F97464290FD48700ED63F8 /* Game4_2View.swift */ = {isa = PBXFileReference; lastKnownFileType = sourcecode.swift; path = Game4_2View.swift; sourceTree = "<group>"; };
		70F974662910DFD100ED63F8 /* Game5View.swift */ = {isa = PBXFileReference; lastKnownFileType = sourcecode.swift; path = Game5View.swift; sourceTree = "<group>"; };
		B32BB5AC29012E4900B812CF /* RaychelQiu.app */ = {isa = PBXFileReference; explicitFileType = wrapper.application; includeInIndex = 0; path = RaychelQiu.app; sourceTree = BUILT_PRODUCTS_DIR; };
		B32BB5AF29012E4900B812CF /* RaychelQiuApp.swift */ = {isa = PBXFileReference; lastKnownFileType = sourcecode.swift; path = RaychelQiuApp.swift; sourceTree = "<group>"; };
		B32BB5B129012E4900B812CF /* ContentView.swift */ = {isa = PBXFileReference; lastKnownFileType = sourcecode.swift; path = ContentView.swift; sourceTree = "<group>"; };
		B32BB5B329012E4A00B812CF /* Assets.xcassets */ = {isa = PBXFileReference; lastKnownFileType = folder.assetcatalog; path = Assets.xcassets; sourceTree = "<group>"; };
		B32BB5B629012E4A00B812CF /* Preview Assets.xcassets */ = {isa = PBXFileReference; lastKnownFileType = folder.assetcatalog; path = "Preview Assets.xcassets"; sourceTree = "<group>"; };
		B32BB5B829012E4A00B812CF /* Persistence.swift */ = {isa = PBXFileReference; lastKnownFileType = sourcecode.swift; path = Persistence.swift; sourceTree = "<group>"; };
		B32BB5BB29012E4A00B812CF /* RaychelQiu.xcdatamodel */ = {isa = PBXFileReference; lastKnownFileType = wrapper.xcdatamodel; path = RaychelQiu.xcdatamodel; sourceTree = "<group>"; };
		B32BB5C129012E4A00B812CF /* RaychelQiuTests.xctest */ = {isa = PBXFileReference; explicitFileType = wrapper.cfbundle; includeInIndex = 0; path = RaychelQiuTests.xctest; sourceTree = BUILT_PRODUCTS_DIR; };
		B32BB5C529012E4A00B812CF /* RaychelQiuTests.swift */ = {isa = PBXFileReference; lastKnownFileType = sourcecode.swift; path = RaychelQiuTests.swift; sourceTree = "<group>"; };
		B32BB5CB29012E4A00B812CF /* RaychelQiuUITests.xctest */ = {isa = PBXFileReference; explicitFileType = wrapper.cfbundle; includeInIndex = 0; path = RaychelQiuUITests.xctest; sourceTree = BUILT_PRODUCTS_DIR; };
		B32BB5CF29012E4A00B812CF /* RaychelQiuUITests.swift */ = {isa = PBXFileReference; lastKnownFileType = sourcecode.swift; path = RaychelQiuUITests.swift; sourceTree = "<group>"; };
		B32BB5D129012E4A00B812CF /* RaychelQiuUITestsLaunchTests.swift */ = {isa = PBXFileReference; lastKnownFileType = sourcecode.swift; path = RaychelQiuUITestsLaunchTests.swift; sourceTree = "<group>"; };
		B3DBB8582910FF4100A29E45 /* Game1_CaptchaPuzzle.swift */ = {isa = PBXFileReference; lastKnownFileType = sourcecode.swift; path = Game1_CaptchaPuzzle.swift; sourceTree = "<group>"; };
		B3DBB85B2911002800A29E45 /* Minigame1_BackpackSchool.swift */ = {isa = PBXFileReference; lastKnownFileType = sourcecode.swift; path = Minigame1_BackpackSchool.swift; sourceTree = "<group>"; };
/* End PBXFileReference section */

/* Begin PBXFrameworksBuildPhase section */
		B32BB5A929012E4900B812CF /* Frameworks */ = {
			isa = PBXFrameworksBuildPhase;
			buildActionMask = 2147483647;
			files = (
			);
			runOnlyForDeploymentPostprocessing = 0;
		};
		B32BB5BE29012E4A00B812CF /* Frameworks */ = {
			isa = PBXFrameworksBuildPhase;
			buildActionMask = 2147483647;
			files = (
			);
			runOnlyForDeploymentPostprocessing = 0;
		};
		B32BB5C829012E4A00B812CF /* Frameworks */ = {
			isa = PBXFrameworksBuildPhase;
			buildActionMask = 2147483647;
			files = (
			);
			runOnlyForDeploymentPostprocessing = 0;
		};
/* End PBXFrameworksBuildPhase section */

/* Begin PBXGroup section */
		01A3384229013D0B00092EEC /* Scenes */ = {
			isa = PBXGroup;
			children = (
				01E41ADB291A314D008A04AC /* Chapter 1 */,
				01A3384929013F0A00092EEC /* Testing */,
				01A3384529013D3E00092EEC /* Prologue */,
			);
			path = Scenes;
			sourceTree = "<group>";
		};
		01A3384529013D3E00092EEC /* Prologue */ = {
			isa = PBXGroup;
			children = (
				013EAE80290BB9D1008572A7 /* Prologue_Scene1_Kelas_Selesai.swift */,
				013EAE82290BB9E4008572A7 /* Prologue_Collection.swift */,
				013EAE84290FBE06008572A7 /* Prologue_Scene2_Transisi_Hari.swift */,
				01A59F3F2913A2B5001CBB83 /* Prologue_Dinner.swift */,
				01A59F412914E1DA001CBB83 /* Prologue_Room.swift */,
			);
			path = Prologue;
			sourceTree = "<group>";
		};
		01A3384929013F0A00092EEC /* Testing */ = {
			isa = PBXGroup;
			children = (
				01A3384A29013F1B00092EEC /* Scene_Testing.swift */,
				0114B509290291EC00AA916E /* Scene2_Testing.swift */,
				01776CB02907E3430010B9A6 /* SceneMultiple.swift */,
				01F1903129091C4300426F03 /* SceneTabView.swift */,
			);
			path = Testing;
			sourceTree = "<group>";
		};
		01E41ADB291A314D008A04AC /* Chapter 1 */ = {
			isa = PBXGroup;
			children = (
				01E41ADC291A319F008A04AC /* Chapter1_Collection.swift */,
				01E41ADE291A321F008A04AC /* Chapter1_Kelas.swift */,
				01E41AE0291A5861008A04AC /* Chapter1_Dinner.swift */,
				01E41AE2291A58A2008A04AC /* Chapter1_Clock.swift */,
			);
			path = "Chapter 1";
			sourceTree = "<group>";
		};
		701E52D12913A31100E25FF1 /* Game2 */ = {
			isa = PBXGroup;
			children = (
				702514B329012EC7002E4988 /* Game2View.swift */,
			);
			path = Game2;
			sourceTree = "<group>";
		};
		B32BB5A329012E4900B812CF = {
			isa = PBXGroup;
			children = (
				B32BB5AE29012E4900B812CF /* RaychelQiu */,
				B32BB5C429012E4A00B812CF /* RaychelQiuTests */,
				B32BB5CE29012E4A00B812CF /* RaychelQiuUITests */,
				B32BB5AD29012E4900B812CF /* Products */,
			);
			sourceTree = "<group>";
		};
		B32BB5AD29012E4900B812CF /* Products */ = {
			isa = PBXGroup;
			children = (
				B32BB5AC29012E4900B812CF /* RaychelQiu.app */,
				B32BB5C129012E4A00B812CF /* RaychelQiuTests.xctest */,
				B32BB5CB29012E4A00B812CF /* RaychelQiuUITests.xctest */,
			);
			name = Products;
			sourceTree = "<group>";
		};
		B32BB5AE29012E4900B812CF /* RaychelQiu */ = {
			isa = PBXGroup;
			children = (
				01A3384229013D0B00092EEC /* Scenes */,
				B3DBB8542910FE8200A29E45 /* GameScenes */,
				B32BB5AF29012E4900B812CF /* RaychelQiuApp.swift */,
				B32BB5B129012E4900B812CF /* ContentView.swift */,
				B32BB5B329012E4A00B812CF /* Assets.xcassets */,
				B32BB5B829012E4A00B812CF /* Persistence.swift */,
				B32BB5BA29012E4A00B812CF /* RaychelQiu.xcdatamodeld */,
				01A3384C290142E400092EEC /* SwiftUIView.swift */,
				B32BB5B529012E4A00B812CF /* Preview Content */,
			);
			path = RaychelQiu;
			sourceTree = "<group>";
		};
		B32BB5B529012E4A00B812CF /* Preview Content */ = {
			isa = PBXGroup;
			children = (
				B32BB5B629012E4A00B812CF /* Preview Assets.xcassets */,
			);
			path = "Preview Content";
			sourceTree = "<group>";
		};
		B32BB5C429012E4A00B812CF /* RaychelQiuTests */ = {
			isa = PBXGroup;
			children = (
				B32BB5C529012E4A00B812CF /* RaychelQiuTests.swift */,
			);
			path = RaychelQiuTests;
			sourceTree = "<group>";
		};
		B32BB5CE29012E4A00B812CF /* RaychelQiuUITests */ = {
			isa = PBXGroup;
			children = (
				B32BB5CF29012E4A00B812CF /* RaychelQiuUITests.swift */,
				B32BB5D129012E4A00B812CF /* RaychelQiuUITestsLaunchTests.swift */,
			);
			path = RaychelQiuUITests;
			sourceTree = "<group>";
		};
		B3DBB8542910FE8200A29E45 /* GameScenes */ = {
			isa = PBXGroup;
			children = (
				B3DBB85A2911000900A29E45 /* MiniGame1 */,
				B3DBB8552910FE9B00A29E45 /* Game1 */,
				701E52D12913A31100E25FF1 /* Game2 */,
				B3DBB8572910FECE00A29E45 /* Game4 */,
				70F974662910DFD100ED63F8 /* Game5View.swift */,
			);
			path = GameScenes;
			sourceTree = "<group>";
		};
		B3DBB8552910FE9B00A29E45 /* Game1 */ = {
			isa = PBXGroup;
			children = (
				B3DBB8582910FF4100A29E45 /* Game1_CaptchaPuzzle.swift */,
			);
			path = Game1;
			sourceTree = "<group>";
		};
		B3DBB8572910FECE00A29E45 /* Game4 */ = {
			isa = PBXGroup;
			children = (
				702514B929014A74002E4988 /* Game4Model.swift */,
				702514BB29014E22002E4988 /* Game4ViewModel.swift */,
				70F97460290D70D000ED63F8 /* Game4_1View.swift */,
				70F97464290FD48700ED63F8 /* Game4_2View.swift */,
			);
			path = Game4;
			sourceTree = "<group>";
		};
		B3DBB85A2911000900A29E45 /* MiniGame1 */ = {
			isa = PBXGroup;
			children = (
				B3DBB85B2911002800A29E45 /* Minigame1_BackpackSchool.swift */,
			);
			path = MiniGame1;
			sourceTree = "<group>";
		};
/* End PBXGroup section */

/* Begin PBXNativeTarget section */
		B32BB5AB29012E4900B812CF /* RaychelQiu */ = {
			isa = PBXNativeTarget;
			buildConfigurationList = B32BB5D529012E4A00B812CF /* Build configuration list for PBXNativeTarget "RaychelQiu" */;
			buildPhases = (
				B32BB5A829012E4900B812CF /* Sources */,
				B32BB5A929012E4900B812CF /* Frameworks */,
				B32BB5AA29012E4900B812CF /* Resources */,
			);
			buildRules = (
			);
			dependencies = (
			);
			name = RaychelQiu;
			productName = RaychelQiu;
			productReference = B32BB5AC29012E4900B812CF /* RaychelQiu.app */;
			productType = "com.apple.product-type.application";
		};
		B32BB5C029012E4A00B812CF /* RaychelQiuTests */ = {
			isa = PBXNativeTarget;
			buildConfigurationList = B32BB5D829012E4A00B812CF /* Build configuration list for PBXNativeTarget "RaychelQiuTests" */;
			buildPhases = (
				B32BB5BD29012E4A00B812CF /* Sources */,
				B32BB5BE29012E4A00B812CF /* Frameworks */,
				B32BB5BF29012E4A00B812CF /* Resources */,
			);
			buildRules = (
			);
			dependencies = (
				B32BB5C329012E4A00B812CF /* PBXTargetDependency */,
			);
			name = RaychelQiuTests;
			productName = RaychelQiuTests;
			productReference = B32BB5C129012E4A00B812CF /* RaychelQiuTests.xctest */;
			productType = "com.apple.product-type.bundle.unit-test";
		};
		B32BB5CA29012E4A00B812CF /* RaychelQiuUITests */ = {
			isa = PBXNativeTarget;
			buildConfigurationList = B32BB5DB29012E4A00B812CF /* Build configuration list for PBXNativeTarget "RaychelQiuUITests" */;
			buildPhases = (
				B32BB5C729012E4A00B812CF /* Sources */,
				B32BB5C829012E4A00B812CF /* Frameworks */,
				B32BB5C929012E4A00B812CF /* Resources */,
			);
			buildRules = (
			);
			dependencies = (
				B32BB5CD29012E4A00B812CF /* PBXTargetDependency */,
			);
			name = RaychelQiuUITests;
			productName = RaychelQiuUITests;
			productReference = B32BB5CB29012E4A00B812CF /* RaychelQiuUITests.xctest */;
			productType = "com.apple.product-type.bundle.ui-testing";
		};
/* End PBXNativeTarget section */

/* Begin PBXProject section */
		B32BB5A429012E4900B812CF /* Project object */ = {
			isa = PBXProject;
			attributes = {
				BuildIndependentTargetsInParallel = 1;
				LastSwiftUpdateCheck = 1340;
				LastUpgradeCheck = 1340;
				TargetAttributes = {
					B32BB5AB29012E4900B812CF = {
						CreatedOnToolsVersion = 13.4.1;
					};
					B32BB5C029012E4A00B812CF = {
						CreatedOnToolsVersion = 13.4.1;
						TestTargetID = B32BB5AB29012E4900B812CF;
					};
					B32BB5CA29012E4A00B812CF = {
						CreatedOnToolsVersion = 13.4.1;
						TestTargetID = B32BB5AB29012E4900B812CF;
					};
				};
			};
			buildConfigurationList = B32BB5A729012E4900B812CF /* Build configuration list for PBXProject "RaychelQiu" */;
			compatibilityVersion = "Xcode 13.0";
			developmentRegion = en;
			hasScannedForEncodings = 0;
			knownRegions = (
				en,
				Base,
			);
			mainGroup = B32BB5A329012E4900B812CF;
			productRefGroup = B32BB5AD29012E4900B812CF /* Products */;
			projectDirPath = "";
			projectRoot = "";
			targets = (
				B32BB5AB29012E4900B812CF /* RaychelQiu */,
				B32BB5C029012E4A00B812CF /* RaychelQiuTests */,
				B32BB5CA29012E4A00B812CF /* RaychelQiuUITests */,
			);
		};
/* End PBXProject section */

/* Begin PBXResourcesBuildPhase section */
		B32BB5AA29012E4900B812CF /* Resources */ = {
			isa = PBXResourcesBuildPhase;
			buildActionMask = 2147483647;
			files = (
				B32BB5B729012E4A00B812CF /* Preview Assets.xcassets in Resources */,
				B32BB5B429012E4A00B812CF /* Assets.xcassets in Resources */,
			);
			runOnlyForDeploymentPostprocessing = 0;
		};
		B32BB5BF29012E4A00B812CF /* Resources */ = {
			isa = PBXResourcesBuildPhase;
			buildActionMask = 2147483647;
			files = (
			);
			runOnlyForDeploymentPostprocessing = 0;
		};
		B32BB5C929012E4A00B812CF /* Resources */ = {
			isa = PBXResourcesBuildPhase;
			buildActionMask = 2147483647;
			files = (
			);
			runOnlyForDeploymentPostprocessing = 0;
		};
/* End PBXResourcesBuildPhase section */

/* Begin PBXSourcesBuildPhase section */
		B32BB5A829012E4900B812CF /* Sources */ = {
			isa = PBXSourcesBuildPhase;
			buildActionMask = 2147483647;
			files = (
				01776CB12907E3430010B9A6 /* SceneMultiple.swift in Sources */,
				01A3384B29013F1B00092EEC /* Scene_Testing.swift in Sources */,
				01A59F402913A2B5001CBB83 /* Prologue_Dinner.swift in Sources */,
				01F1903229091C4300426F03 /* SceneTabView.swift in Sources */,
				01E41ADF291A321F008A04AC /* Chapter1_Kelas.swift in Sources */,
				B32BB5B929012E4A00B812CF /* Persistence.swift in Sources */,
				01A3384D290142E400092EEC /* SwiftUIView.swift in Sources */,
				013EAE85290FBE06008572A7 /* Prologue_Scene2_Transisi_Hari.swift in Sources */,
				01E41ADD291A319F008A04AC /* Chapter1_Collection.swift in Sources */,
				01A59F422914E1DA001CBB83 /* Prologue_Room.swift in Sources */,
				B32BB5B229012E4900B812CF /* ContentView.swift in Sources */,
				B32BB5BC29012E4A00B812CF /* RaychelQiu.xcdatamodeld in Sources */,
				0114B50A290291EC00AA916E /* Scene2_Testing.swift in Sources */,
				013EAE83290BB9E4008572A7 /* Prologue_Collection.swift in Sources */,
				013EAE81290BB9D1008572A7 /* Prologue_Scene1_Kelas_Selesai.swift in Sources */,
				702514BC29014E22002E4988 /* Game4ViewModel.swift in Sources */,
				01E41AE1291A5861008A04AC /* Chapter1_Dinner.swift in Sources */,
				B3DBB85C2911002800A29E45 /* Minigame1_BackpackSchool.swift in Sources */,
				01E41AE3291A58A2008A04AC /* Chapter1_Clock.swift in Sources */,
				702514B429012EC7002E4988 /* Game2View.swift in Sources */,
				702514BA29014A74002E4988 /* Game4Model.swift in Sources */,
				70F974672910DFD100ED63F8 /* Game5View.swift in Sources */,
				B32BB5B229012E4900B812CF /* ContentView.swift in Sources */,
				B32BB5BC29012E4A00B812CF /* RaychelQiu.xcdatamodeld in Sources */,
				70F97461290D70D000ED63F8 /* Game4_1View.swift in Sources */,
				B3DBB8592910FF4100A29E45 /* Game1_CaptchaPuzzle.swift in Sources */,
				B32BB5B029012E4900B812CF /* RaychelQiuApp.swift in Sources */,
				70F97465290FD48700ED63F8 /* Game4_2View.swift in Sources */,
			);
			runOnlyForDeploymentPostprocessing = 0;
		};
		B32BB5BD29012E4A00B812CF /* Sources */ = {
			isa = PBXSourcesBuildPhase;
			buildActionMask = 2147483647;
			files = (
				B32BB5C629012E4A00B812CF /* RaychelQiuTests.swift in Sources */,
			);
			runOnlyForDeploymentPostprocessing = 0;
		};
		B32BB5C729012E4A00B812CF /* Sources */ = {
			isa = PBXSourcesBuildPhase;
			buildActionMask = 2147483647;
			files = (
				B32BB5D029012E4A00B812CF /* RaychelQiuUITests.swift in Sources */,
				B32BB5D229012E4A00B812CF /* RaychelQiuUITestsLaunchTests.swift in Sources */,
			);
			runOnlyForDeploymentPostprocessing = 0;
		};
/* End PBXSourcesBuildPhase section */

/* Begin PBXTargetDependency section */
		B32BB5C329012E4A00B812CF /* PBXTargetDependency */ = {
			isa = PBXTargetDependency;
			target = B32BB5AB29012E4900B812CF /* RaychelQiu */;
			targetProxy = B32BB5C229012E4A00B812CF /* PBXContainerItemProxy */;
		};
		B32BB5CD29012E4A00B812CF /* PBXTargetDependency */ = {
			isa = PBXTargetDependency;
			target = B32BB5AB29012E4900B812CF /* RaychelQiu */;
			targetProxy = B32BB5CC29012E4A00B812CF /* PBXContainerItemProxy */;
		};
/* End PBXTargetDependency section */

/* Begin XCBuildConfiguration section */
		B32BB5D329012E4A00B812CF /* Debug */ = {
			isa = XCBuildConfiguration;
			buildSettings = {
				ALWAYS_SEARCH_USER_PATHS = NO;
				CLANG_ANALYZER_NONNULL = YES;
				CLANG_ANALYZER_NUMBER_OBJECT_CONVERSION = YES_AGGRESSIVE;
				CLANG_CXX_LANGUAGE_STANDARD = "gnu++17";
				CLANG_ENABLE_MODULES = YES;
				CLANG_ENABLE_OBJC_ARC = YES;
				CLANG_ENABLE_OBJC_WEAK = YES;
				CLANG_WARN_BLOCK_CAPTURE_AUTORELEASING = YES;
				CLANG_WARN_BOOL_CONVERSION = YES;
				CLANG_WARN_COMMA = YES;
				CLANG_WARN_CONSTANT_CONVERSION = YES;
				CLANG_WARN_DEPRECATED_OBJC_IMPLEMENTATIONS = YES;
				CLANG_WARN_DIRECT_OBJC_ISA_USAGE = YES_ERROR;
				CLANG_WARN_DOCUMENTATION_COMMENTS = YES;
				CLANG_WARN_EMPTY_BODY = YES;
				CLANG_WARN_ENUM_CONVERSION = YES;
				CLANG_WARN_INFINITE_RECURSION = YES;
				CLANG_WARN_INT_CONVERSION = YES;
				CLANG_WARN_NON_LITERAL_NULL_CONVERSION = YES;
				CLANG_WARN_OBJC_IMPLICIT_RETAIN_SELF = YES;
				CLANG_WARN_OBJC_LITERAL_CONVERSION = YES;
				CLANG_WARN_OBJC_ROOT_CLASS = YES_ERROR;
				CLANG_WARN_QUOTED_INCLUDE_IN_FRAMEWORK_HEADER = YES;
				CLANG_WARN_RANGE_LOOP_ANALYSIS = YES;
				CLANG_WARN_STRICT_PROTOTYPES = YES;
				CLANG_WARN_SUSPICIOUS_MOVE = YES;
				CLANG_WARN_UNGUARDED_AVAILABILITY = YES_AGGRESSIVE;
				CLANG_WARN_UNREACHABLE_CODE = YES;
				CLANG_WARN__DUPLICATE_METHOD_MATCH = YES;
				COPY_PHASE_STRIP = NO;
				DEBUG_INFORMATION_FORMAT = dwarf;
				ENABLE_STRICT_OBJC_MSGSEND = YES;
				ENABLE_TESTABILITY = YES;
				GCC_C_LANGUAGE_STANDARD = gnu11;
				GCC_DYNAMIC_NO_PIC = NO;
				GCC_NO_COMMON_BLOCKS = YES;
				GCC_OPTIMIZATION_LEVEL = 0;
				GCC_PREPROCESSOR_DEFINITIONS = (
					"DEBUG=1",
					"$(inherited)",
				);
				GCC_WARN_64_TO_32_BIT_CONVERSION = YES;
				GCC_WARN_ABOUT_RETURN_TYPE = YES_ERROR;
				GCC_WARN_UNDECLARED_SELECTOR = YES;
				GCC_WARN_UNINITIALIZED_AUTOS = YES_AGGRESSIVE;
				GCC_WARN_UNUSED_FUNCTION = YES;
				GCC_WARN_UNUSED_VARIABLE = YES;
				IPHONEOS_DEPLOYMENT_TARGET = 15.5;
				MTL_ENABLE_DEBUG_INFO = INCLUDE_SOURCE;
				MTL_FAST_MATH = YES;
				ONLY_ACTIVE_ARCH = YES;
				SDKROOT = iphoneos;
				SWIFT_ACTIVE_COMPILATION_CONDITIONS = DEBUG;
				SWIFT_OPTIMIZATION_LEVEL = "-Onone";
			};
			name = Debug;
		};
		B32BB5D429012E4A00B812CF /* Release */ = {
			isa = XCBuildConfiguration;
			buildSettings = {
				ALWAYS_SEARCH_USER_PATHS = NO;
				CLANG_ANALYZER_NONNULL = YES;
				CLANG_ANALYZER_NUMBER_OBJECT_CONVERSION = YES_AGGRESSIVE;
				CLANG_CXX_LANGUAGE_STANDARD = "gnu++17";
				CLANG_ENABLE_MODULES = YES;
				CLANG_ENABLE_OBJC_ARC = YES;
				CLANG_ENABLE_OBJC_WEAK = YES;
				CLANG_WARN_BLOCK_CAPTURE_AUTORELEASING = YES;
				CLANG_WARN_BOOL_CONVERSION = YES;
				CLANG_WARN_COMMA = YES;
				CLANG_WARN_CONSTANT_CONVERSION = YES;
				CLANG_WARN_DEPRECATED_OBJC_IMPLEMENTATIONS = YES;
				CLANG_WARN_DIRECT_OBJC_ISA_USAGE = YES_ERROR;
				CLANG_WARN_DOCUMENTATION_COMMENTS = YES;
				CLANG_WARN_EMPTY_BODY = YES;
				CLANG_WARN_ENUM_CONVERSION = YES;
				CLANG_WARN_INFINITE_RECURSION = YES;
				CLANG_WARN_INT_CONVERSION = YES;
				CLANG_WARN_NON_LITERAL_NULL_CONVERSION = YES;
				CLANG_WARN_OBJC_IMPLICIT_RETAIN_SELF = YES;
				CLANG_WARN_OBJC_LITERAL_CONVERSION = YES;
				CLANG_WARN_OBJC_ROOT_CLASS = YES_ERROR;
				CLANG_WARN_QUOTED_INCLUDE_IN_FRAMEWORK_HEADER = YES;
				CLANG_WARN_RANGE_LOOP_ANALYSIS = YES;
				CLANG_WARN_STRICT_PROTOTYPES = YES;
				CLANG_WARN_SUSPICIOUS_MOVE = YES;
				CLANG_WARN_UNGUARDED_AVAILABILITY = YES_AGGRESSIVE;
				CLANG_WARN_UNREACHABLE_CODE = YES;
				CLANG_WARN__DUPLICATE_METHOD_MATCH = YES;
				COPY_PHASE_STRIP = NO;
				DEBUG_INFORMATION_FORMAT = "dwarf-with-dsym";
				ENABLE_NS_ASSERTIONS = NO;
				ENABLE_STRICT_OBJC_MSGSEND = YES;
				GCC_C_LANGUAGE_STANDARD = gnu11;
				GCC_NO_COMMON_BLOCKS = YES;
				GCC_WARN_64_TO_32_BIT_CONVERSION = YES;
				GCC_WARN_ABOUT_RETURN_TYPE = YES_ERROR;
				GCC_WARN_UNDECLARED_SELECTOR = YES;
				GCC_WARN_UNINITIALIZED_AUTOS = YES_AGGRESSIVE;
				GCC_WARN_UNUSED_FUNCTION = YES;
				GCC_WARN_UNUSED_VARIABLE = YES;
				IPHONEOS_DEPLOYMENT_TARGET = 15.5;
				MTL_ENABLE_DEBUG_INFO = NO;
				MTL_FAST_MATH = YES;
				SDKROOT = iphoneos;
				SWIFT_COMPILATION_MODE = wholemodule;
				SWIFT_OPTIMIZATION_LEVEL = "-O";
				VALIDATE_PRODUCT = YES;
			};
			name = Release;
		};
		B32BB5D629012E4A00B812CF /* Debug */ = {
			isa = XCBuildConfiguration;
			buildSettings = {
				ASSETCATALOG_COMPILER_APPICON_NAME = AppIcon;
				ASSETCATALOG_COMPILER_GLOBAL_ACCENT_COLOR_NAME = AccentColor;
				CODE_SIGN_STYLE = Automatic;
				CURRENT_PROJECT_VERSION = 1;
				DEVELOPMENT_ASSET_PATHS = "\"RaychelQiu/Preview Content\"";
				DEVELOPMENT_TEAM = JRS36H7H6Q;
				ENABLE_PREVIEWS = YES;
				GENERATE_INFOPLIST_FILE = YES;
				INFOPLIST_KEY_UIApplicationSceneManifest_Generation = YES;
				INFOPLIST_KEY_UIApplicationSupportsIndirectInputEvents = YES;
				INFOPLIST_KEY_UILaunchScreen_Generation = YES;
				INFOPLIST_KEY_UISupportedInterfaceOrientations_iPad = "UIInterfaceOrientationPortrait UIInterfaceOrientationPortraitUpsideDown UIInterfaceOrientationLandscapeLeft UIInterfaceOrientationLandscapeRight";
				INFOPLIST_KEY_UISupportedInterfaceOrientations_iPhone = "UIInterfaceOrientationPortrait UIInterfaceOrientationLandscapeLeft UIInterfaceOrientationLandscapeRight";
				LD_RUNPATH_SEARCH_PATHS = (
					"$(inherited)",
					"@executable_path/Frameworks",
				);
				MARKETING_VERSION = 1.0;
				PRODUCT_BUNDLE_IDENTIFIER = MacroADA.RaychelQiu;
				PRODUCT_NAME = "$(TARGET_NAME)";
				SWIFT_EMIT_LOC_STRINGS = YES;
				SWIFT_VERSION = 5.0;
				TARGETED_DEVICE_FAMILY = "1,2";
			};
			name = Debug;
		};
		B32BB5D729012E4A00B812CF /* Release */ = {
			isa = XCBuildConfiguration;
			buildSettings = {
				ASSETCATALOG_COMPILER_APPICON_NAME = AppIcon;
				ASSETCATALOG_COMPILER_GLOBAL_ACCENT_COLOR_NAME = AccentColor;
				CODE_SIGN_STYLE = Automatic;
				CURRENT_PROJECT_VERSION = 1;
				DEVELOPMENT_ASSET_PATHS = "\"RaychelQiu/Preview Content\"";
				DEVELOPMENT_TEAM = JRS36H7H6Q;
				ENABLE_PREVIEWS = YES;
				GENERATE_INFOPLIST_FILE = YES;
				INFOPLIST_KEY_UIApplicationSceneManifest_Generation = YES;
				INFOPLIST_KEY_UIApplicationSupportsIndirectInputEvents = YES;
				INFOPLIST_KEY_UILaunchScreen_Generation = YES;
				INFOPLIST_KEY_UISupportedInterfaceOrientations_iPad = "UIInterfaceOrientationPortrait UIInterfaceOrientationPortraitUpsideDown UIInterfaceOrientationLandscapeLeft UIInterfaceOrientationLandscapeRight";
				INFOPLIST_KEY_UISupportedInterfaceOrientations_iPhone = "UIInterfaceOrientationPortrait UIInterfaceOrientationLandscapeLeft UIInterfaceOrientationLandscapeRight";
				LD_RUNPATH_SEARCH_PATHS = (
					"$(inherited)",
					"@executable_path/Frameworks",
				);
				MARKETING_VERSION = 1.0;
				PRODUCT_BUNDLE_IDENTIFIER = MacroADA.RaychelQiu;
				PRODUCT_NAME = "$(TARGET_NAME)";
				SWIFT_EMIT_LOC_STRINGS = YES;
				SWIFT_VERSION = 5.0;
				TARGETED_DEVICE_FAMILY = "1,2";
			};
			name = Release;
		};
		B32BB5D929012E4A00B812CF /* Debug */ = {
			isa = XCBuildConfiguration;
			buildSettings = {
				ALWAYS_EMBED_SWIFT_STANDARD_LIBRARIES = YES;
				BUNDLE_LOADER = "$(TEST_HOST)";
				CODE_SIGN_STYLE = Automatic;
				CURRENT_PROJECT_VERSION = 1;
				DEVELOPMENT_TEAM = CPL7SYMZ7D;
				GENERATE_INFOPLIST_FILE = YES;
				IPHONEOS_DEPLOYMENT_TARGET = 15.5;
				MARKETING_VERSION = 1.0;
				PRODUCT_BUNDLE_IDENTIFIER = MacroADA.RaychelQiuTests;
				PRODUCT_NAME = "$(TARGET_NAME)";
				SWIFT_EMIT_LOC_STRINGS = NO;
				SWIFT_VERSION = 5.0;
				TARGETED_DEVICE_FAMILY = "1,2";
				TEST_HOST = "$(BUILT_PRODUCTS_DIR)/RaychelQiu.app/RaychelQiu";
			};
			name = Debug;
		};
		B32BB5DA29012E4A00B812CF /* Release */ = {
			isa = XCBuildConfiguration;
			buildSettings = {
				ALWAYS_EMBED_SWIFT_STANDARD_LIBRARIES = YES;
				BUNDLE_LOADER = "$(TEST_HOST)";
				CODE_SIGN_STYLE = Automatic;
				CURRENT_PROJECT_VERSION = 1;
				DEVELOPMENT_TEAM = CPL7SYMZ7D;
				GENERATE_INFOPLIST_FILE = YES;
				IPHONEOS_DEPLOYMENT_TARGET = 15.5;
				MARKETING_VERSION = 1.0;
				PRODUCT_BUNDLE_IDENTIFIER = MacroADA.RaychelQiuTests;
				PRODUCT_NAME = "$(TARGET_NAME)";
				SWIFT_EMIT_LOC_STRINGS = NO;
				SWIFT_VERSION = 5.0;
				TARGETED_DEVICE_FAMILY = "1,2";
				TEST_HOST = "$(BUILT_PRODUCTS_DIR)/RaychelQiu.app/RaychelQiu";
			};
			name = Release;
		};
		B32BB5DC29012E4A00B812CF /* Debug */ = {
			isa = XCBuildConfiguration;
			buildSettings = {
				ALWAYS_EMBED_SWIFT_STANDARD_LIBRARIES = YES;
				CODE_SIGN_STYLE = Automatic;
				CURRENT_PROJECT_VERSION = 1;
				DEVELOPMENT_TEAM = CPL7SYMZ7D;
				GENERATE_INFOPLIST_FILE = YES;
				MARKETING_VERSION = 1.0;
				PRODUCT_BUNDLE_IDENTIFIER = MacroADA.RaychelQiuUITests;
				PRODUCT_NAME = "$(TARGET_NAME)";
				SWIFT_EMIT_LOC_STRINGS = NO;
				SWIFT_VERSION = 5.0;
				TARGETED_DEVICE_FAMILY = "1,2";
				TEST_TARGET_NAME = RaychelQiu;
			};
			name = Debug;
		};
		B32BB5DD29012E4A00B812CF /* Release */ = {
			isa = XCBuildConfiguration;
			buildSettings = {
				ALWAYS_EMBED_SWIFT_STANDARD_LIBRARIES = YES;
				CODE_SIGN_STYLE = Automatic;
				CURRENT_PROJECT_VERSION = 1;
				DEVELOPMENT_TEAM = CPL7SYMZ7D;
				GENERATE_INFOPLIST_FILE = YES;
				MARKETING_VERSION = 1.0;
				PRODUCT_BUNDLE_IDENTIFIER = MacroADA.RaychelQiuUITests;
				PRODUCT_NAME = "$(TARGET_NAME)";
				SWIFT_EMIT_LOC_STRINGS = NO;
				SWIFT_VERSION = 5.0;
				TARGETED_DEVICE_FAMILY = "1,2";
				TEST_TARGET_NAME = RaychelQiu;
			};
			name = Release;
		};
/* End XCBuildConfiguration section */

/* Begin XCConfigurationList section */
		B32BB5A729012E4900B812CF /* Build configuration list for PBXProject "RaychelQiu" */ = {
			isa = XCConfigurationList;
			buildConfigurations = (
				B32BB5D329012E4A00B812CF /* Debug */,
				B32BB5D429012E4A00B812CF /* Release */,
			);
			defaultConfigurationIsVisible = 0;
			defaultConfigurationName = Release;
		};
		B32BB5D529012E4A00B812CF /* Build configuration list for PBXNativeTarget "RaychelQiu" */ = {
			isa = XCConfigurationList;
			buildConfigurations = (
				B32BB5D629012E4A00B812CF /* Debug */,
				B32BB5D729012E4A00B812CF /* Release */,
			);
			defaultConfigurationIsVisible = 0;
			defaultConfigurationName = Release;
		};
		B32BB5D829012E4A00B812CF /* Build configuration list for PBXNativeTarget "RaychelQiuTests" */ = {
			isa = XCConfigurationList;
			buildConfigurations = (
				B32BB5D929012E4A00B812CF /* Debug */,
				B32BB5DA29012E4A00B812CF /* Release */,
			);
			defaultConfigurationIsVisible = 0;
			defaultConfigurationName = Release;
		};
		B32BB5DB29012E4A00B812CF /* Build configuration list for PBXNativeTarget "RaychelQiuUITests" */ = {
			isa = XCConfigurationList;
			buildConfigurations = (
				B32BB5DC29012E4A00B812CF /* Debug */,
				B32BB5DD29012E4A00B812CF /* Release */,
			);
			defaultConfigurationIsVisible = 0;
			defaultConfigurationName = Release;
		};
/* End XCConfigurationList section */

/* Begin XCVersionGroup section */
		B32BB5BA29012E4A00B812CF /* RaychelQiu.xcdatamodeld */ = {
			isa = XCVersionGroup;
			children = (
				B32BB5BB29012E4A00B812CF /* RaychelQiu.xcdatamodel */,
			);
			currentVersion = B32BB5BB29012E4A00B812CF /* RaychelQiu.xcdatamodel */;
			path = RaychelQiu.xcdatamodeld;
			sourceTree = "<group>";
			versionGroupType = wrapper.xcdatamodel;
		};
/* End XCVersionGroup section */
	};
	rootObject = B32BB5A429012E4900B812CF /* Project object */;
}
